// !$*UTF8*$!
{
	archiveVersion = 1;
	classes = {
	};
	objectVersion = 46;
	objects = {

/* Begin PBXBuildFile section */
		C360EBC91B9DBB2E00F6E1FC /* main.m in Sources */ = {isa = PBXBuildFile; fileRef = C360EBC81B9DBB2E00F6E1FC /* main.m */; };
		C360EBCC1B9DBB2E00F6E1FC /* AppDelegate.m in Sources */ = {isa = PBXBuildFile; fileRef = C360EBCB1B9DBB2E00F6E1FC /* AppDelegate.m */; };
		C360EBCF1B9DBB2E00F6E1FC /* TomGame.xcdatamodeld in Sources */ = {isa = PBXBuildFile; fileRef = C360EBCD1B9DBB2E00F6E1FC /* TomGame.xcdatamodeld */; };
		C360EBD21B9DBB2E00F6E1FC /* ViewController.m in Sources */ = {isa = PBXBuildFile; fileRef = C360EBD11B9DBB2E00F6E1FC /* ViewController.m */; };
		C360EBD51B9DBB2E00F6E1FC /* Main.storyboard in Resources */ = {isa = PBXBuildFile; fileRef = C360EBD31B9DBB2E00F6E1FC /* Main.storyboard */; };
		C360EBD71B9DBB2E00F6E1FC /* Images.xcassets in Resources */ = {isa = PBXBuildFile; fileRef = C360EBD61B9DBB2E00F6E1FC /* Images.xcassets */; };
		C360EBDA1B9DBB2E00F6E1FC /* LaunchScreen.xib in Resources */ = {isa = PBXBuildFile; fileRef = C360EBD81B9DBB2E00F6E1FC /* LaunchScreen.xib */; };
		C360EBE61B9DBB2E00F6E1FC /* TomGameTests.m in Sources */ = {isa = PBXBuildFile; fileRef = C360EBE51B9DBB2E00F6E1FC /* TomGameTests.m */; };
/* End PBXBuildFile section */

/* Begin PBXContainerItemProxy section */
		C360EBE01B9DBB2E00F6E1FC /* PBXContainerItemProxy */ = {
			isa = PBXContainerItemProxy;
			containerPortal = C360EBBB1B9DBB2D00F6E1FC /* Project object */;
			proxyType = 1;
			remoteGlobalIDString = C360EBC21B9DBB2D00F6E1FC;
			remoteInfo = TomGame;
		};
/* End PBXContainerItemProxy section */

/* Begin PBXFileReference section */
		C360EBC31B9DBB2E00F6E1FC /* TomGame.app */ = {isa = PBXFileReference; explicitFileType = wrapper.application; includeInIndex = 0; path = TomGame.app; sourceTree = BUILT_PRODUCTS_DIR; };
		C360EBC71B9DBB2E00F6E1FC /* Info.plist */ = {isa = PBXFileReference; lastKnownFileType = text.plist.xml; path = Info.plist; sourceTree = "<group>"; };
		C360EBC81B9DBB2E00F6E1FC /* main.m */ = {isa = PBXFileReference; lastKnownFileType = sourcecode.c.objc; path = main.m; sourceTree = "<group>"; };
		C360EBCA1B9DBB2E00F6E1FC /* AppDelegate.h */ = {isa = PBXFileReference; lastKnownFileType = sourcecode.c.h; path = AppDelegate.h; sourceTree = "<group>"; };
		C360EBCB1B9DBB2E00F6E1FC /* AppDelegate.m */ = {isa = PBXFileReference; lastKnownFileType = sourcecode.c.objc; path = AppDelegate.m; sourceTree = "<group>"; };
		C360EBCE1B9DBB2E00F6E1FC /* TomGame.xcdatamodel */ = {isa = PBXFileReference; lastKnownFileType = wrapper.xcdatamodel; path = TomGame.xcdatamodel; sourceTree = "<group>"; };
		C360EBD01B9DBB2E00F6E1FC /* ViewController.h */ = {isa = PBXFileReference; lastKnownFileType = sourcecode.c.h; path = ViewController.h; sourceTree = "<group>"; };
		C360EBD11B9DBB2E00F6E1FC /* ViewController.m */ = {isa = PBXFileReference; lastKnownFileType = sourcecode.c.objc; path = ViewController.m; sourceTree = "<group>"; };
		C360EBD41B9DBB2E00F6E1FC /* Base */ = {isa = PBXFileReference; lastKnownFileType = file.storyboard; name = Base; path = Base.lproj/Main.storyboard; sourceTree = "<group>"; };
		C360EBD61B9DBB2E00F6E1FC /* Images.xcassets */ = {isa = PBXFileReference; lastKnownFileType = folder.assetcatalog; path = Images.xcassets; sourceTree = "<group>"; };
		C360EBD91B9DBB2E00F6E1FC /* Base */ = {isa = PBXFileReference; lastKnownFileType = file.xib; name = Base; path = Base.lproj/LaunchScreen.xib; sourceTree = "<group>"; };
		C360EBDF1B9DBB2E00F6E1FC /* TomGameTests.xctest */ = {isa = PBXFileReference; explicitFileType = wrapper.cfbundle; includeInIndex = 0; path = TomGameTests.xctest; sourceTree = BUILT_PRODUCTS_DIR; };
		C360EBE41B9DBB2E00F6E1FC /* Info.plist */ = {isa = PBXFileReference; lastKnownFileType = text.plist.xml; path = Info.plist; sourceTree = "<group>"; };
		C360EBE51B9DBB2E00F6E1FC /* TomGameTests.m */ = {isa = PBXFileReference; lastKnownFileType = sourcecode.c.objc; path = TomGameTests.m; sourceTree = "<group>"; };
/* End PBXFileReference section */

/* Begin PBXFrameworksBuildPhase section */
		C360EBC01B9DBB2D00F6E1FC /* Frameworks */ = {
			isa = PBXFrameworksBuildPhase;
			buildActionMask = 2147483647;
			files = (
			);
			runOnlyForDeploymentPostprocessing = 0;
		};
		C360EBDC1B9DBB2E00F6E1FC /* Frameworks */ = {
			isa = PBXFrameworksBuildPhase;
			buildActionMask = 2147483647;
			files = (
			);
			runOnlyForDeploymentPostprocessing = 0;
		};
/* End PBXFrameworksBuildPhase section */

/* Begin PBXGroup section */
		C360EBBA1B9DBB2D00F6E1FC = {
			isa = PBXGroup;
			children = (
				C360EBC51B9DBB2E00F6E1FC /* TomGame */,
				C360EBE21B9DBB2E00F6E1FC /* TomGameTests */,
				C360EBC41B9DBB2E00F6E1FC /* Products */,
			);
			sourceTree = "<group>";
		};
		C360EBC41B9DBB2E00F6E1FC /* Products */ = {
			isa = PBXGroup;
			children = (
				C360EBC31B9DBB2E00F6E1FC /* TomGame.app */,
				C360EBDF1B9DBB2E00F6E1FC /* TomGameTests.xctest */,
			);
			name = Products;
			sourceTree = "<group>";
		};
		C360EBC51B9DBB2E00F6E1FC /* TomGame */ = {
			isa = PBXGroup;
			children = (
				C360EBCA1B9DBB2E00F6E1FC /* AppDelegate.h */,
				C360EBCB1B9DBB2E00F6E1FC /* AppDelegate.m */,
				C360EBD01B9DBB2E00F6E1FC /* ViewController.h */,
				C360EBD11B9DBB2E00F6E1FC /* ViewController.m */,
				C360EBD31B9DBB2E00F6E1FC /* Main.storyboard */,
				C360EBD61B9DBB2E00F6E1FC /* Images.xcassets */,
				C360EBD81B9DBB2E00F6E1FC /* LaunchScreen.xib */,
				C360EBCD1B9DBB2E00F6E1FC /* TomGame.xcdatamodeld */,
				C360EBC61B9DBB2E00F6E1FC /* Supporting Files */,
			);
			path = TomGame;
			sourceTree = "<group>";
		};
		C360EBC61B9DBB2E00F6E1FC /* Supporting Files */ = {
			isa = PBXGroup;
			children = (
				C360EBC71B9DBB2E00F6E1FC /* Info.plist */,
				C360EBC81B9DBB2E00F6E1FC /* main.m */,
			);
			name = "Supporting Files";
			sourceTree = "<group>";
		};
		C360EBE21B9DBB2E00F6E1FC /* TomGameTests */ = {
			isa = PBXGroup;
			children = (
				C360EBE51B9DBB2E00F6E1FC /* TomGameTests.m */,
				C360EBE31B9DBB2E00F6E1FC /* Supporting Files */,
			);
			path = TomGameTests;
			sourceTree = "<group>";
		};
		C360EBE31B9DBB2E00F6E1FC /* Supporting Files */ = {
			isa = PBXGroup;
			children = (
				C360EBE41B9DBB2E00F6E1FC /* Info.plist */,
			);
			name = "Supporting Files";
			sourceTree = "<group>";
		};
/* End PBXGroup section */

/* Begin PBXNativeTarget section */
		C360EBC21B9DBB2D00F6E1FC /* TomGame */ = {
			isa = PBXNativeTarget;
			buildConfigurationList = C360EBE91B9DBB2E00F6E1FC /* Build configuration list for PBXNativeTarget "TomGame" */;
			buildPhases = (
				C360EBBF1B9DBB2D00F6E1FC /* Sources */,
				C360EBC01B9DBB2D00F6E1FC /* Frameworks */,
				C360EBC11B9DBB2D00F6E1FC /* Resources */,
			);
			buildRules = (
			);
			dependencies = (
			);
			name = TomGame;
			productName = TomGame;
			productReference = C360EBC31B9DBB2E00F6E1FC /* TomGame.app */;
			productType = "com.apple.product-type.application";
		};
		C360EBDE1B9DBB2E00F6E1FC /* TomGameTests */ = {
			isa = PBXNativeTarget;
			buildConfigurationList = C360EBEC1B9DBB2E00F6E1FC /* Build configuration list for PBXNativeTarget "TomGameTests" */;
			buildPhases = (
				C360EBDB1B9DBB2E00F6E1FC /* Sources */,
				C360EBDC1B9DBB2E00F6E1FC /* Frameworks */,
				C360EBDD1B9DBB2E00F6E1FC /* Resources */,
			);
			buildRules = (
			);
			dependencies = (
				C360EBE11B9DBB2E00F6E1FC /* PBXTargetDependency */,
			);
			name = TomGameTests;
			productName = TomGameTests;
			productReference = C360EBDF1B9DBB2E00F6E1FC /* TomGameTests.xctest */;
			productType = "com.apple.product-type.bundle.unit-test";
		};
/* End PBXNativeTarget section */

/* Begin PBXProject section */
		C360EBBB1B9DBB2D00F6E1FC /* Project object */ = {
			isa = PBXProject;
			attributes = {
				LastUpgradeCheck = 0640;
				ORGANIZATIONNAME = "弥超";
				TargetAttributes = {
					C360EBC21B9DBB2D00F6E1FC = {
						CreatedOnToolsVersion = 6.4;
					};
					C360EBDE1B9DBB2E00F6E1FC = {
						CreatedOnToolsVersion = 6.4;
						TestTargetID = C360EBC21B9DBB2D00F6E1FC;
					};
				};
			};
			buildConfigurationList = C360EBBE1B9DBB2D00F6E1FC /* Build configuration list for PBXProject "TomGame" */;
			compatibilityVersion = "Xcode 3.2";
			developmentRegion = English;
			hasScannedForEncodings = 0;
			knownRegions = (
				en,
				Base,
			);
			mainGroup = C360EBBA1B9DBB2D00F6E1FC;
			productRefGroup = C360EBC41B9DBB2E00F6E1FC /* Products */;
			projectDirPath = "";
			projectRoot = "";
			targets = (
				C360EBC21B9DBB2D00F6E1FC /* TomGame */,
				C360EBDE1B9DBB2E00F6E1FC /* TomGameTests */,
			);
		};
/* End PBXProject section */

/* Begin PBXResourcesBuildPhase section */
		C360EBC11B9DBB2D00F6E1FC /* Resources */ = {
			isa = PBXResourcesBuildPhase;
			buildActionMask = 2147483647;
			files = (
				C360EBD51B9DBB2E00F6E1FC /* Main.storyboard in Resources */,
				C360EBDA1B9DBB2E00F6E1FC /* LaunchScreen.xib in Resources */,
				C360EBD71B9DBB2E00F6E1FC /* Images.xcassets in Resources */,
			);
			runOnlyForDeploymentPostprocessing = 0;
		};
		C360EBDD1B9DBB2E00F6E1FC /* Resources */ = {
			isa = PBXResourcesBuildPhase;
			buildActionMask = 2147483647;
			files = (
			);
			runOnlyForDeploymentPostprocessing = 0;
		};
/* End PBXResourcesBuildPhase section */

/* Begin PBXSourcesBuildPhase section */
		C360EBBF1B9DBB2D00F6E1FC /* Sources */ = {
			isa = PBXSourcesBuildPhase;
			buildActionMask = 2147483647;
			files = (
				C360EBCC1B9DBB2E00F6E1FC /* AppDelegate.m in Sources */,
				C360EBCF1B9DBB2E00F6E1FC /* TomGame.xcdatamodeld in Sources */,
				C360EBD21B9DBB2E00F6E1FC /* ViewController.m in Sources */,
				C360EBC91B9DBB2E00F6E1FC /* main.m in Sources */,
			);
			runOnlyForDeploymentPostprocessing = 0;
		};
		C360EBDB1B9DBB2E00F6E1FC /* Sources */ = {
			isa = PBXSourcesBuildPhase;
			buildActionMask = 2147483647;
			files = (
				C360EBE61B9DBB2E00F6E1FC /* TomGameTests.m in Sources */,
			);
			runOnlyForDeploymentPostprocessing = 0;
		};
/* End PBXSourcesBuildPhase section */

/* Begin PBXTargetDependency section */
		C360EBE11B9DBB2E00F6E1FC /* PBXTargetDependency */ = {
			isa = PBXTargetDependency;
			target = C360EBC21B9DBB2D00F6E1FC /* TomGame */;
			targetProxy = C360EBE01B9DBB2E00F6E1FC /* PBXContainerItemProxy */;
		};
/* End PBXTargetDependency section */

/* Begin PBXVariantGroup section */
		C360EBD31B9DBB2E00F6E1FC /* Main.storyboard */ = {
			isa = PBXVariantGroup;
			children = (
				C360EBD41B9DBB2E00F6E1FC /* Base */,
			);
			name = Main.storyboard;
			sourceTree = "<group>";
		};
		C360EBD81B9DBB2E00F6E1FC /* LaunchScreen.xib */ = {
			isa = PBXVariantGroup;
			children = (
				C360EBD91B9DBB2E00F6E1FC /* Base */,
			);
			name = LaunchScreen.xib;
			sourceTree = "<group>";
		};
/* End PBXVariantGroup section */

/* Begin XCBuildConfiguration section */
		C360EBE71B9DBB2E00F6E1FC /* Debug */ = {
			isa = XCBuildConfiguration;
			buildSettings = {
				ALWAYS_SEARCH_USER_PATHS = NO;
				CLANG_CXX_LANGUAGE_STANDARD = "gnu++0x";
				CLANG_CXX_LIBRARY = "libc++";
				CLANG_ENABLE_MODULES = YES;
				CLANG_ENABLE_OBJC_ARC = YES;
				CLANG_WARN_BOOL_CONVERSION = YES;
				CLANG_WARN_CONSTANT_CONVERSION = YES;
				CLANG_WARN_DIRECT_OBJC_ISA_USAGE = YES_ERROR;
				CLANG_WARN_EMPTY_BODY = YES;
				CLANG_WARN_ENUM_CONVERSION = YES;
				CLANG_WARN_INT_CONVERSION = YES;
				CLANG_WARN_OBJC_ROOT_CLASS = YES_ERROR;
				CLANG_WARN_UNREACHABLE_CODE = YES;
				CLANG_WARN__DUPLICATE_METHOD_MATCH = YES;
				"CODE_SIGN_IDENTITY[sdk=iphoneos*]" = "iPhone Developer";
				COPY_PHASE_STRIP = NO;
				DEBUG_INFORMATION_FORMAT = "dwarf-with-dsym";
				ENABLE_STRICT_OBJC_MSGSEND = YES;
				GCC_C_LANGUAGE_STANDARD = gnu99;
				GCC_DYNAMIC_NO_PIC = NO;
				GCC_NO_COMMON_BLOCKS = YES;
				GCC_OPTIMIZATION_LEVEL = 0;
				GCC_PREPROCESSOR_DEFINITIONS = (
					"DEBUG=1",
					"$(inherited)",
				);
				GCC_SYMBOLS_PRIVATE_EXTERN = NO;
				GCC_WARN_64_TO_32_BIT_CONVERSION = YES;
				GCC_WARN_ABOUT_RETURN_TYPE = YES_ERROR;
				GCC_WARN_UNDECLARED_SELECTOR = YES;
				GCC_WARN_UNINITIALIZED_AUTOS = YES_AGGRESSIVE;
				GCC_WARN_UNUSED_FUNCTION = YES;
				GCC_WARN_UNUSED_VARIABLE = YES;
				IPHONEOS_DEPLOYMENT_TARGET = 8.4;
				MTL_ENABLE_DEBUG_INFO = YES;
				ONLY_ACTIVE_ARCH = YES;
				SDKROOT = iphoneos;
			};
			name = Debug;
		};
		C360EBE81B9DBB2E00F6E1FC /* Release */ = {
			isa = XCBuildConfiguration;
			buildSettings = {
				ALWAYS_SEARCH_USER_PATHS = NO;
				CLANG_CXX_LANGUAGE_STANDARD = "gnu++0x";
				CLANG_CXX_LIBRARY = "libc++";
				CLANG_ENABLE_MODULES = YES;
				CLANG_ENABLE_OBJC_ARC = YES;
				CLANG_WARN_BOOL_CONVERSION = YES;
				CLANG_WARN_CONSTANT_CONVERSION = YES;
				CLANG_WARN_DIRECT_OBJC_ISA_USAGE = YES_ERROR;
				CLANG_WARN_EMPTY_BODY = YES;
				CLANG_WARN_ENUM_CONVERSION = YES;
				CLANG_WARN_INT_CONVERSION = YES;
				CLANG_WARN_OBJC_ROOT_CLASS = YES_ERROR;
				CLANG_WARN_UNREACHABLE_CODE = YES;
				CLANG_WARN__DUPLICATE_METHOD_MATCH = YES;
				"CODE_SIGN_IDENTITY[sdk=iphoneos*]" = "iPhone Developer";
				COPY_PHASE_STRIP = NO;
				DEBUG_INFORMATION_FORMAT = "dwarf-with-dsym";
				ENABLE_NS_ASSERTIONS = NO;
				ENABLE_STRICT_OBJC_MSGSEND = YES;
				GCC_C_LANGUAGE_STANDARD = gnu99;
				GCC_NO_COMMON_BLOCKS = YES;
				GCC_WARN_64_TO_32_BIT_CONVERSION = YES;
				GCC_WARN_ABOUT_RETURN_TYPE = YES_ERROR;
				GCC_WARN_UNDECLARED_SELECTOR = YES;
				GCC_WARN_UNINITIALIZED_AUTOS = YES_AGGRESSIVE;
				GCC_WARN_UNUSED_FUNCTION = YES;
				GCC_WARN_UNUSED_VARIABLE = YES;
				IPHONEOS_DEPLOYMENT_TARGET = 8.4;
				MTL_ENABLE_DEBUG_INFO = NO;
				SDKROOT = iphoneos;
				VALIDATE_PRODUCT = YES;
			};
			name = Release;
		};
		C360EBEA1B9DBB2E00F6E1FC /* Debug */ = {
			isa = XCBuildConfiguration;
			buildSettings = {
				ASSETCATALOG_COMPILER_APPICON_NAME = AppIcon;
				INFOPLIST_FILE = TomGame/Info.plist;
				LD_RUNPATH_SEARCH_PATHS = "$(inherited) @executable_path/Frameworks";
				PRODUCT_NAME = "$(TARGET_NAME)";
			};
			name = Debug;
		};
		C360EBEB1B9DBB2E00F6E1FC /* Release */ = {
			isa = XCBuildConfiguration;
			buildSettings = {
				ASSETCATALOG_COMPILER_APPICON_NAME = AppIcon;
				INFOPLIST_FILE = TomGame/Info.plist;
				LD_RUNPATH_SEARCH_PATHS = "$(inherited) @executable_path/Frameworks";
				PRODUCT_NAME = "$(TARGET_NAME)";
			};
			name = Release;
		};
		C360EBED1B9DBB2E00F6E1FC /* Debug */ = {
			isa = XCBuildConfiguration;
			buildSettings = {
				BUNDLE_LOADER = "$(TEST_HOST)";
				FRAMEWORK_SEARCH_PATHS = (
					"$(SDKROOT)/Developer/Library/Frameworks",
					"$(inherited)",
				);
				GCC_PREPROCESSOR_DEFINITIONS = (
					"DEBUG=1",
					"$(inherited)",
				);
				INFOPLIST_FILE = TomGameTests/Info.plist;
				LD_RUNPATH_SEARCH_PATHS = "$(inherited) @executable_path/Frameworks @loader_path/Frameworks";
				PRODUCT_NAME = "$(TARGET_NAME)";
				TEST_HOST = "$(BUILT_PRODUCTS_DIR)/TomGame.app/TomGame";
			};
			name = Debug;
		};
		C360EBEE1B9DBB2E00F6E1FC /* Release */ = {
			isa = XCBuildConfiguration;
			buildSettings = {
				BUNDLE_LOADER = "$(TEST_HOST)";
				FRAMEWORK_SEARCH_PATHS = (
					"$(SDKROOT)/Developer/Library/Frameworks",
					"$(inherited)",
				);
				INFOPLIST_FILE = TomGameTests/Info.plist;
				LD_RUNPATH_SEARCH_PATHS = "$(inherited) @executable_path/Frameworks @loader_path/Frameworks";
				PRODUCT_NAME = "$(TARGET_NAME)";
				TEST_HOST = "$(BUILT_PRODUCTS_DIR)/TomGame.app/TomGame";
			};
			name = Release;
		};
/* End XCBuildConfiguration section */

/* Begin XCConfigurationList section */
		C360EBBE1B9DBB2D00F6E1FC /* Build configuration list for PBXProject "TomGame" */ = {
			isa = XCConfigurationList;
			buildConfigurations = (
				C360EBE71B9DBB2E00F6E1FC /* Debug */,
				C360EBE81B9DBB2E00F6E1FC /* Release */,
			);
			defaultConfigurationIsVisible = 0;
			defaultConfigurationName = Release;
		};
		C360EBE91B9DBB2E00F6E1FC /* Build configuration list for PBXNativeTarget "TomGame" */ = {
			isa = XCConfigurationList;
			buildConfigurations = (
				C360EBEA1B9DBB2E00F6E1FC /* Debug */,
				C360EBEB1B9DBB2E00F6E1FC /* Release */,
			);
			defaultConfigurationIsVisible = 0;
		};
		C360EBEC1B9DBB2E00F6E1FC /* Build configuration list for PBXNativeTarget "TomGameTests" */ = {
			isa = XCConfigurationList;
			buildConfigurations = (
				C360EBED1B9DBB2E00F6E1FC /* Debug */,
				C360EBEE1B9DBB2E00F6E1FC /* Release */,
			);
			defaultConfigurationIsVisible = 0;
		};
/* End XCConfigurationList section */

/* Begin XCVersionGroup section */
		C360EBCD1B9DBB2E00F6E1FC /* TomGame.xcdatamodeld */ = {
			isa = XCVersionGroup;
			children = (
				C360EBCE1B9DBB2E00F6E1FC /* TomGame.xcdatamodel */,
			);
			currentVersion = C360EBCE1B9DBB2E00F6E1FC /* TomGame.xcdatamodel */;
			path = TomGame.xcdatamodeld;
			sourceTree = "<group>";
			versionGroupType = wrapper.xcdatamodel;
		};
/* End XCVersionGroup section */
	};
	rootObject = C360EBBB1B9DBB2D00F6E1FC /* Project object */;
}
